
Microsoft Visual Studio Solution File, Format Version 12.00
# Visual Studio 14
VisualStudioVersion = 14.0.25420.1
MinimumVisualStudioVersion = 10.0.40219.1
Project("{FAE04EC0-301F-11D3-BF4B-00C04F79EFBC}") = "api.ain.ventures", "api.ain.ventures\api.ain.ventures.csproj", "{79CA5F18-6619-4AD9-B187-204D39664873}"
EndProject
Project("{FAE04EC0-301F-11D3-BF4B-00C04F79EFBC}") = "AIn.Ventures.BaseLibrary", "AIn.Ventures.BaseLibrary\AIn.Ventures.BaseLibrary.csproj", "{36E83DDD-4335-4645-B669-908C20885F91}"
EndProject
Project("{FAE04EC0-301F-11D3-BF4B-00C04F79EFBC}") = "ui.ain.ventures", "ui.ain.ventures\ui.ain.ventures.csproj", "{348CC1C0-CD81-4460-A082-CC49CCCCB891}"
EndProject
Project("{FAE04EC0-301F-11D3-BF4B-00C04F79EFBC}") = "AIn.Ventures.DataSources", "AIn.Ventures.DataSources\AIn.Ventures.DataSources\AIn.Ventures.DataSources\AIn.Ventures.DataSources.csproj", "{EC3E7DD3-47DF-4910-BD65-2BBE7F6974C0}"
EndProject
Project("{FAE04EC0-301F-11D3-BF4B-00C04F79EFBC}") = "EbayConsole", "EbayConsole\EbayConsole.csproj", "{7356562B-3A2F-4AC5-89A5-F721A7560135}"
EndProject
Project("{D954291E-2A0B-460D-934E-DC6B0785DB48}") = "Documentation", "Documentation\Documentation.shproj", "{600BBEE1-4594-4F57-ACBF-41E3C36336F4}"
EndProject
Global
	GlobalSection(SharedMSBuildProjectFiles) = preSolution
		Documentation\Documentation.projitems*{600bbee1-4594-4f57-acbf-41e3c36336f4}*SharedItemsImports = 13
	EndGlobalSection
	GlobalSection(SolutionConfigurationPlatforms) = preSolution
		Debug|Any CPU = Debug|Any CPU
		Release|Any CPU = Release|Any CPU
	EndGlobalSection
	GlobalSection(ProjectConfigurationPlatforms) = postSolution
		{79CA5F18-6619-4AD9-B187-204D39664873}.Debug|Any CPU.ActiveCfg = Debug|Any CPU
		{79CA5F18-6619-4AD9-B187-204D39664873}.Debug|Any CPU.Build.0 = Debug|Any CPU
		{79CA5F18-6619-4AD9-B187-204D39664873}.Release|Any CPU.ActiveCfg = Release|Any CPU
		{79CA5F18-6619-4AD9-B187-204D39664873}.Release|Any CPU.Build.0 = Release|Any CPU
		{36E83DDD-4335-4645-B669-908C20885F91}.Debug|Any CPU.ActiveCfg = Debug|Any CPU
		{36E83DDD-4335-4645-B669-908C20885F91}.Debug|Any CPU.Build.0 = Debug|Any CPU
		{36E83DDD-4335-4645-B669-908C20885F91}.Release|Any CPU.ActiveCfg = Release|Any CPU
		{36E83DDD-4335-4645-B669-908C20885F91}.Release|Any CPU.Build.0 = Release|Any CPU
		{348CC1C0-CD81-4460-A082-CC49CCCCB891}.Debug|Any CPU.ActiveCfg = Debug|Any CPU
		{348CC1C0-CD81-4460-A082-CC49CCCCB891}.Debug|Any CPU.Build.0 = Debug|Any CPU
		{348CC1C0-CD81-4460-A082-CC49CCCCB891}.Release|Any CPU.ActiveCfg = Release|Any CPU
		{348CC1C0-CD81-4460-A082-CC49CCCCB891}.Release|Any CPU.Build.0 = Release|Any CPU
		{EC3E7DD3-47DF-4910-BD65-2BBE7F6974C0}.Debug|Any CPU.ActiveCfg = Debug|Any CPU
		{EC3E7DD3-47DF-4910-BD65-2BBE7F6974C0}.Debug|Any CPU.Build.0 = Debug|Any CPU
		{EC3E7DD3-47DF-4910-BD65-2BBE7F6974C0}.Release|Any CPU.ActiveCfg = Release|Any CPU
		{EC3E7DD3-47DF-4910-BD65-2BBE7F6974C0}.Release|Any CPU.Build.0 = Release|Any CPU
		{7356562B-3A2F-4AC5-89A5-F721A7560135}.Debug|Any CPU.ActiveCfg = Debug|Any CPU
		{7356562B-3A2F-4AC5-89A5-F721A7560135}.Debug|Any CPU.Build.0 = Debug|Any CPU
		{7356562B-3A2F-4AC5-89A5-F721A7560135}.Release|Any CPU.ActiveCfg = Release|Any CPU
		{7356562B-3A2F-4AC5-89A5-F721A7560135}.Release|Any CPU.Build.0 = Release|Any CPU
	EndGlobalSection
	GlobalSection(SolutionProperties) = preSolution
		HideSolutionNode = FALSE
	EndGlobalSection
	GlobalSection(TeamFoundationVersionControl) = preSolution
		SccNumberOfProjects = 8
		SccEnterpriseProvider = {4CA58AB2-18FA-4F8D-95D4-32DDF27D184C}
		SccTeamFoundationServer = http://tfs.ain.systems:8081/tfs/genone
		SccLocalPath0 = .
		SccProjectUniqueName1 = api.ain.ventures\\api.ain.ventures.csproj
		SccProjectName1 = api.ain.ventures
		SccLocalPath1 = api.ain.ventures
		SccProjectUniqueName2 = AIn.Ventures.BaseLibrary\\AIn.Ventures.BaseLibrary.csproj
		SccProjectName2 = AIn.Ventures.BaseLibrary
		SccLocalPath2 = AIn.Ventures.BaseLibrary
		SccProjectUniqueName3 = ui.ain.ventures\\ui.ain.ventures.csproj
		SccProjectName3 = ui.ain.ventures
		SccLocalPath3 = ui.ain.ventures
		SccProjectUniqueName4 = AIn.Ventures.DataSources\\AIn.Ventures.DataSources\\AIn.Ventures.DataSources\\AIn.Ventures.DataSources.csproj
		SccProjectName4 = AIn.Ventures.DataSources/AIn.Ventures.DataSources/AIn.Ventures.DataSources
		SccLocalPath4 = AIn.Ventures.DataSources\\AIn.Ventures.DataSources\\AIn.Ventures.DataSources
		SccProjectUniqueName5 = EbayConsole\\EbayConsole.csproj
		SccProjectName5 = EbayConsole
		SccLocalPath5 = EbayConsole
		SccProjectUniqueName6 = Documentation\\Documentation.shproj
		SccProjectName6 = Documentation
		SccLocalPath6 = Documentation
		SccProjectUniqueName7 = Documentation\\Documentation.projitems
		SccProjectTopLevelParentUniqueName7 = Documentation\\Documentation.shproj
		SccProjectName7 = Documentation
		SccLocalPath7 = Documentation
	EndGlobalSection
EndGlobal
