
Microsoft Visual Studio Solution File, Format Version 12.00
# Visual Studio 14
VisualStudioVersion = 14.0.23107.0
MinimumVisualStudioVersion = 10.0.40219.1
Project("{FAE04EC0-301F-11D3-BF4B-00C04F79EFBC}") = "api.Little.Pony", "api.ain.ventures\api.Little.Pony.csproj", "{79CA5F18-6619-4AD9-B187-204D39664873}"
EndProject
Project("{FAE04EC0-301F-11D3-BF4B-00C04F79EFBC}") = "Little.Pony.BaseLibrary", "AIn.Ventures.BaseLibrary\Little.Pony.BaseLibrary.csproj", "{36E83DDD-4335-4645-B669-908C20885F91}"
EndProject
Project("{FAE04EC0-301F-11D3-BF4B-00C04F79EFBC}") = "ui.Little.Pony", "ui.ain.ventures\ui.Little.Pony.csproj", "{348CC1C0-CD81-4460-A082-CC49CCCCB891}"
EndProject
Project("{FAE04EC0-301F-11D3-BF4B-00C04F79EFBC}") = "Little.Pony.DataSources", "AIn.Ventures.DataSources\AIn.Ventures.DataSources\AIn.Ventures.DataSources\Little.Pony.DataSources.csproj", "{EC3E7DD3-47DF-4910-BD65-2BBE7F6974C0}"
EndProject
Project("{FAE04EC0-301F-11D3-BF4B-00C04F79EFBC}") = "EbayConsole", "EbayConsole\EbayConsole.csproj", "{7356562B-3A2F-4AC5-89A5-F721A7560135}"
EndProject
Project("{D954291E-2A0B-460D-934E-DC6B0785DB48}") = "Documentation", "Documentation\Documentation.shproj", "{600BBEE1-4594-4F57-ACBF-41E3C36336F4}"
EndProject
Global
	GlobalSection(SharedMSBuildProjectFiles) = preSolution
		Documentation\Documentation.projitems*{600bbee1-4594-4f57-acbf-41e3c36336f4}*SharedItemsImports = 13
	EndGlobalSection
	GlobalSection(SolutionConfigurationPlatforms) = preSolution
		Debug|Any CPU = Debug|Any CPU
		Release|Any CPU = Release|Any CPU
	EndGlobalSection
	GlobalSection(ProjectConfigurationPlatforms) = postSolution
		{79CA5F18-6619-4AD9-B187-204D39664873}.Debug|Any CPU.ActiveCfg = Debug|Any CPU
		{79CA5F18-6619-4AD9-B187-204D39664873}.Debug|Any CPU.Build.0 = Debug|Any CPU
		{79CA5F18-6619-4AD9-B187-204D39664873}.Release|Any CPU.ActiveCfg = Release|Any CPU
		{79CA5F18-6619-4AD9-B187-204D39664873}.Release|Any CPU.Build.0 = Release|Any CPU
		{36E83DDD-4335-4645-B669-908C20885F91}.Debug|Any CPU.ActiveCfg = Debug|Any CPU
		{36E83DDD-4335-4645-B669-908C20885F91}.Debug|Any CPU.Build.0 = Debug|Any CPU
		{36E83DDD-4335-4645-B669-908C20885F91}.Release|Any CPU.ActiveCfg = Release|Any CPU
		{36E83DDD-4335-4645-B669-908C20885F91}.Release|Any CPU.Build.0 = Release|Any CPU
		{348CC1C0-CD81-4460-A082-CC49CCCCB891}.Debug|Any CPU.ActiveCfg = Debug|Any CPU
		{348CC1C0-CD81-4460-A082-CC49CCCCB891}.Debug|Any CPU.Build.0 = Debug|Any CPU
		{348CC1C0-CD81-4460-A082-CC49CCCCB891}.Release|Any CPU.ActiveCfg = Release|Any CPU
		{348CC1C0-CD81-4460-A082-CC49CCCCB891}.Release|Any CPU.Build.0 = Release|Any CPU
		{EC3E7DD3-47DF-4910-BD65-2BBE7F6974C0}.Debug|Any CPU.ActiveCfg = Debug|Any CPU
		{EC3E7DD3-47DF-4910-BD65-2BBE7F6974C0}.Debug|Any CPU.Build.0 = Debug|Any CPU
		{EC3E7DD3-47DF-4910-BD65-2BBE7F6974C0}.Release|Any CPU.ActiveCfg = Release|Any CPU
		{EC3E7DD3-47DF-4910-BD65-2BBE7F6974C0}.Release|Any CPU.Build.0 = Release|Any CPU
		{7356562B-3A2F-4AC5-89A5-F721A7560135}.Debug|Any CPU.ActiveCfg = Debug|Any CPU
		{7356562B-3A2F-4AC5-89A5-F721A7560135}.Debug|Any CPU.Build.0 = Debug|Any CPU
		{7356562B-3A2F-4AC5-89A5-F721A7560135}.Release|Any CPU.ActiveCfg = Release|Any CPU
		{7356562B-3A2F-4AC5-89A5-F721A7560135}.Release|Any CPU.Build.0 = Release|Any CPU
	EndGlobalSection
	GlobalSection(SolutionProperties) = preSolution
		HideSolutionNode = FALSE
	EndGlobalSection
EndGlobal
