
Microsoft Visual Studio Solution File, Format Version 12.00
# Visual Studio 14
VisualStudioVersion = 14.0.25420.1
MinimumVisualStudioVersion = 10.0.40219.1
Project("{FAE04EC0-301F-11D3-BF4B-00C04F79EFBC}") = "BaseLibrary", "BaseLibrary\BaseLibrary.csproj", "{8284C5FF-11E7-46B7-818D-7F50F3BB681C}"
EndProject
Project("{FAE04EC0-301F-11D3-BF4B-00C04F79EFBC}") = "Portal", "Portal\Portal.csproj", "{E6EEB545-8026-4F9D-99F9-F37B063B7FD6}"
EndProject
Project("{FAE04EC0-301F-11D3-BF4B-00C04F79EFBC}") = "API", "API\API.csproj", "{0F1494C3-01E1-4925-AA27-342E523AE0D9}"
EndProject
Global
	GlobalSection(SolutionConfigurationPlatforms) = preSolution
		Debug|Any CPU = Debug|Any CPU
		Release|Any CPU = Release|Any CPU
	EndGlobalSection
	GlobalSection(ProjectConfigurationPlatforms) = postSolution
		{8284C5FF-11E7-46B7-818D-7F50F3BB681C}.Debug|Any CPU.ActiveCfg = Debug|Any CPU
		{8284C5FF-11E7-46B7-818D-7F50F3BB681C}.Debug|Any CPU.Build.0 = Debug|Any CPU
		{8284C5FF-11E7-46B7-818D-7F50F3BB681C}.Release|Any CPU.ActiveCfg = Release|Any CPU
		{8284C5FF-11E7-46B7-818D-7F50F3BB681C}.Release|Any CPU.Build.0 = Release|Any CPU
		{E6EEB545-8026-4F9D-99F9-F37B063B7FD6}.Debug|Any CPU.ActiveCfg = Debug|Any CPU
		{E6EEB545-8026-4F9D-99F9-F37B063B7FD6}.Debug|Any CPU.Build.0 = Debug|Any CPU
		{E6EEB545-8026-4F9D-99F9-F37B063B7FD6}.Release|Any CPU.ActiveCfg = Release|Any CPU
		{E6EEB545-8026-4F9D-99F9-F37B063B7FD6}.Release|Any CPU.Build.0 = Release|Any CPU
		{0F1494C3-01E1-4925-AA27-342E523AE0D9}.Debug|Any CPU.ActiveCfg = Debug|Any CPU
		{0F1494C3-01E1-4925-AA27-342E523AE0D9}.Debug|Any CPU.Build.0 = Debug|Any CPU
		{0F1494C3-01E1-4925-AA27-342E523AE0D9}.Release|Any CPU.ActiveCfg = Release|Any CPU
		{0F1494C3-01E1-4925-AA27-342E523AE0D9}.Release|Any CPU.Build.0 = Release|Any CPU
	EndGlobalSection
	GlobalSection(SolutionProperties) = preSolution
		HideSolutionNode = FALSE
	EndGlobalSection
	GlobalSection(TeamFoundationVersionControl) = preSolution
		SccNumberOfProjects = 4
		SccEnterpriseProvider = {4CA58AB2-18FA-4F8D-95D4-32DDF27D184C}
		SccTeamFoundationServer = http://tfs.ain.systems:8081/tfs/gentwo
		SccLocalPath0 = .
		SccProjectUniqueName1 = BaseLibrary\\BaseLibrary.csproj
		SccProjectName1 = BaseLibrary
		SccLocalPath1 = BaseLibrary
		SccProjectUniqueName2 = Portal\\Portal.csproj
		SccProjectName2 = Portal
		SccLocalPath2 = Portal
		SccProjectUniqueName3 = API\\API.csproj
		SccProjectName3 = API
		SccLocalPath3 = API
	EndGlobalSection
EndGlobal
