
Microsoft Visual Studio Solution File, Format Version 12.00
# Visual Studio 14
VisualStudioVersion = 14.0.23107.0
MinimumVisualStudioVersion = 10.0.40219.1
Project("{FAE04EC0-301F-11D3-BF4B-00C04F79EFBC}") = "Little.Pony.Infoblox", "AIn.Acquisition.Infoblox\Little.Pony.Infoblox.csproj", "{359DD0B0-C284-44E3-8C96-611953E5ACDF}"
EndProject
Project("{FAE04EC0-301F-11D3-BF4B-00C04F79EFBC}") = "Little.Pony.Infoblox.TestApp2", "AIn.Acquisition.Infoblox.TestApp2\Little.Pony.Infoblox.TestApp2.csproj", "{15C89F9A-556B-40BF-B6B7-563C9FEC3641}"
EndProject
Project("{FAE04EC0-301F-11D3-BF4B-00C04F79EFBC}") = "Little.Pony.Data", "IntuitiveLabs.Data\Little.Pony.Data.csproj", "{6F8B854B-9330-4006-ADE8-9E290BFE42AB}"
EndProject
Project("{FAE04EC0-301F-11D3-BF4B-00C04F79EFBC}") = "Little.Pony.Processes", "IntuitiveLabs.Processes\Little.Pony.Processes.csproj", "{10166067-7544-44B6-9E11-21B48A82BC8D}"
EndProject
Project("{FAE04EC0-301F-11D3-BF4B-00C04F79EFBC}") = "Little.Pony.Security", "IntuitiveLabs.Security\Little.Pony.Security.csproj", "{F504B555-3C0E-497E-804A-0BBB3DF0562B}"
EndProject
Project("{FAE04EC0-301F-11D3-BF4B-00C04F79EFBC}") = "Little.Pony.Acquisition", "MIX2.Acquisition\Little.Pony.Acquisition.csproj", "{1BC72F77-ECF8-42E7-ABC8-346BE61361B9}"
EndProject
Project("{FAE04EC0-301F-11D3-BF4B-00C04F79EFBC}") = "Little.Pony.Acquisition.IBM.TestApp", "MIX2.Acquisition.IBM.TestApp\Little.Pony.Acquisition.IBM.TestApp.csproj", "{D0B931A4-966A-4754-B78B-BDCDAD3AAA49}"
EndProject
Project("{FAE04EC0-301F-11D3-BF4B-00C04F79EFBC}") = "Little.Pony.Acquisition.IBM", "MIX2.Acquisition.IBM\Little.Pony.Acquisition.IBM.csproj", "{0D84F3EE-3F43-42AB-BCF6-DB33307144F2}"
EndProject
Project("{FAE04EC0-301F-11D3-BF4B-00C04F79EFBC}") = "Little.Pony.Acquisition.LDAP.TestApp", "MIX2.Acquisition.LDAP.TestApp\Little.Pony.Acquisition.LDAP.TestApp.csproj", "{BF3C25BC-6F57-4710-993B-FFBA2CB1685A}"
EndProject
Project("{FAE04EC0-301F-11D3-BF4B-00C04F79EFBC}") = "Pusher", "MIX2.Acquisition.Pusher\Pusher.csproj", "{3ED65929-7F1E-4076-85AF-BD28B02FE56B}"
EndProject
Project("{54435603-DBB4-11D2-8724-00A0C9A8B90C}") = "PusherSetup", "MIX2.Acquisition.Pusher.Setup\PusherSetup.vdproj", "{E263E97C-BE6C-4A75-9F29-069F6D81669C}"
EndProject
Project("{FAE04EC0-301F-11D3-BF4B-00C04F79EFBC}") = "MIX2.Data", "MIX2.Data\MIX2.Data.csproj", "{2DFA169B-C3EB-4E80-BD5C-60624ADDDFC5}"
EndProject
Project("{6141683F-8A12-4E36-9623-2EB02B2C2303}") = "Setup2", "Setup2\Setup2.isproj", "{53ECD21E-8F26-4740-8937-DD88CAA7C231}"
	ProjectSection(ProjectDependencies) = postProject
		{3ED65929-7F1E-4076-85AF-BD28B02FE56B} = {3ED65929-7F1E-4076-85AF-BD28B02FE56B}
		{0D84F3EE-3F43-42AB-BCF6-DB33307144F2} = {0D84F3EE-3F43-42AB-BCF6-DB33307144F2}
	EndProjectSection
EndProject
Project("{FAE04EC0-301F-11D3-BF4B-00C04F79EFBC}") = "Little.Pony.Infoblox.TestApp3", "AIn.Acquisition.Infoblox.TestApp3\Little.Pony.Infoblox.TestApp3.csproj", "{E2EF3E67-C61E-4A5B-8EBD-EEC8B0906616}"
EndProject
Global
	GlobalSection(SolutionConfigurationPlatforms) = preSolution
		CD_ROM|Any CPU = CD_ROM|Any CPU
		CD_ROM|x86 = CD_ROM|x86
		Debug|Any CPU = Debug|Any CPU
		Debug|x86 = Debug|x86
		DVD-5|Any CPU = DVD-5|Any CPU
		DVD-5|x86 = DVD-5|x86
		Release|Any CPU = Release|Any CPU
		Release|x86 = Release|x86
		SingleImage|Any CPU = SingleImage|Any CPU
		SingleImage|x86 = SingleImage|x86
	EndGlobalSection
	GlobalSection(ProjectConfigurationPlatforms) = postSolution
		{359DD0B0-C284-44E3-8C96-611953E5ACDF}.CD_ROM|Any CPU.ActiveCfg = Release|Any CPU
		{359DD0B0-C284-44E3-8C96-611953E5ACDF}.CD_ROM|Any CPU.Build.0 = Release|Any CPU
		{359DD0B0-C284-44E3-8C96-611953E5ACDF}.CD_ROM|x86.ActiveCfg = Release|Any CPU
		{359DD0B0-C284-44E3-8C96-611953E5ACDF}.CD_ROM|x86.Build.0 = Release|Any CPU
		{359DD0B0-C284-44E3-8C96-611953E5ACDF}.Debug|Any CPU.ActiveCfg = Debug|Any CPU
		{359DD0B0-C284-44E3-8C96-611953E5ACDF}.Debug|Any CPU.Build.0 = Debug|Any CPU
		{359DD0B0-C284-44E3-8C96-611953E5ACDF}.Debug|x86.ActiveCfg = Debug|Any CPU
		{359DD0B0-C284-44E3-8C96-611953E5ACDF}.Debug|x86.Build.0 = Debug|Any CPU
		{359DD0B0-C284-44E3-8C96-611953E5ACDF}.DVD-5|Any CPU.ActiveCfg = Debug|Any CPU
		{359DD0B0-C284-44E3-8C96-611953E5ACDF}.DVD-5|Any CPU.Build.0 = Debug|Any CPU
		{359DD0B0-C284-44E3-8C96-611953E5ACDF}.DVD-5|x86.ActiveCfg = Debug|Any CPU
		{359DD0B0-C284-44E3-8C96-611953E5ACDF}.DVD-5|x86.Build.0 = Debug|Any CPU
		{359DD0B0-C284-44E3-8C96-611953E5ACDF}.Release|Any CPU.ActiveCfg = Release|Any CPU
		{359DD0B0-C284-44E3-8C96-611953E5ACDF}.Release|Any CPU.Build.0 = Release|Any CPU
		{359DD0B0-C284-44E3-8C96-611953E5ACDF}.Release|x86.ActiveCfg = Release|Any CPU
		{359DD0B0-C284-44E3-8C96-611953E5ACDF}.Release|x86.Build.0 = Release|Any CPU
		{359DD0B0-C284-44E3-8C96-611953E5ACDF}.SingleImage|Any CPU.ActiveCfg = Release|Any CPU
		{359DD0B0-C284-44E3-8C96-611953E5ACDF}.SingleImage|Any CPU.Build.0 = Release|Any CPU
		{359DD0B0-C284-44E3-8C96-611953E5ACDF}.SingleImage|x86.ActiveCfg = Release|Any CPU
		{359DD0B0-C284-44E3-8C96-611953E5ACDF}.SingleImage|x86.Build.0 = Release|Any CPU
		{15C89F9A-556B-40BF-B6B7-563C9FEC3641}.CD_ROM|Any CPU.ActiveCfg = Release|Any CPU
		{15C89F9A-556B-40BF-B6B7-563C9FEC3641}.CD_ROM|Any CPU.Build.0 = Release|Any CPU
		{15C89F9A-556B-40BF-B6B7-563C9FEC3641}.CD_ROM|x86.ActiveCfg = Release|Any CPU
		{15C89F9A-556B-40BF-B6B7-563C9FEC3641}.CD_ROM|x86.Build.0 = Release|Any CPU
		{15C89F9A-556B-40BF-B6B7-563C9FEC3641}.Debug|Any CPU.ActiveCfg = Debug|Any CPU
		{15C89F9A-556B-40BF-B6B7-563C9FEC3641}.Debug|Any CPU.Build.0 = Debug|Any CPU
		{15C89F9A-556B-40BF-B6B7-563C9FEC3641}.Debug|x86.ActiveCfg = Debug|Any CPU
		{15C89F9A-556B-40BF-B6B7-563C9FEC3641}.Debug|x86.Build.0 = Debug|Any CPU
		{15C89F9A-556B-40BF-B6B7-563C9FEC3641}.DVD-5|Any CPU.ActiveCfg = Debug|Any CPU
		{15C89F9A-556B-40BF-B6B7-563C9FEC3641}.DVD-5|Any CPU.Build.0 = Debug|Any CPU
		{15C89F9A-556B-40BF-B6B7-563C9FEC3641}.DVD-5|x86.ActiveCfg = Debug|Any CPU
		{15C89F9A-556B-40BF-B6B7-563C9FEC3641}.DVD-5|x86.Build.0 = Debug|Any CPU
		{15C89F9A-556B-40BF-B6B7-563C9FEC3641}.Release|Any CPU.ActiveCfg = Release|Any CPU
		{15C89F9A-556B-40BF-B6B7-563C9FEC3641}.Release|Any CPU.Build.0 = Release|Any CPU
		{15C89F9A-556B-40BF-B6B7-563C9FEC3641}.Release|x86.ActiveCfg = Release|Any CPU
		{15C89F9A-556B-40BF-B6B7-563C9FEC3641}.Release|x86.Build.0 = Release|Any CPU
		{15C89F9A-556B-40BF-B6B7-563C9FEC3641}.SingleImage|Any CPU.ActiveCfg = Release|Any CPU
		{15C89F9A-556B-40BF-B6B7-563C9FEC3641}.SingleImage|Any CPU.Build.0 = Release|Any CPU
		{15C89F9A-556B-40BF-B6B7-563C9FEC3641}.SingleImage|x86.ActiveCfg = Release|Any CPU
		{15C89F9A-556B-40BF-B6B7-563C9FEC3641}.SingleImage|x86.Build.0 = Release|Any CPU
		{6F8B854B-9330-4006-ADE8-9E290BFE42AB}.CD_ROM|Any CPU.ActiveCfg = Release|Any CPU
		{6F8B854B-9330-4006-ADE8-9E290BFE42AB}.CD_ROM|Any CPU.Build.0 = Release|Any CPU
		{6F8B854B-9330-4006-ADE8-9E290BFE42AB}.CD_ROM|x86.ActiveCfg = Release|Any CPU
		{6F8B854B-9330-4006-ADE8-9E290BFE42AB}.CD_ROM|x86.Build.0 = Release|Any CPU
		{6F8B854B-9330-4006-ADE8-9E290BFE42AB}.Debug|Any CPU.ActiveCfg = Debug|Any CPU
		{6F8B854B-9330-4006-ADE8-9E290BFE42AB}.Debug|Any CPU.Build.0 = Debug|Any CPU
		{6F8B854B-9330-4006-ADE8-9E290BFE42AB}.Debug|x86.ActiveCfg = Debug|Any CPU
		{6F8B854B-9330-4006-ADE8-9E290BFE42AB}.Debug|x86.Build.0 = Debug|Any CPU
		{6F8B854B-9330-4006-ADE8-9E290BFE42AB}.DVD-5|Any CPU.ActiveCfg = Debug|Any CPU
		{6F8B854B-9330-4006-ADE8-9E290BFE42AB}.DVD-5|Any CPU.Build.0 = Debug|Any CPU
		{6F8B854B-9330-4006-ADE8-9E290BFE42AB}.DVD-5|x86.ActiveCfg = Debug|Any CPU
		{6F8B854B-9330-4006-ADE8-9E290BFE42AB}.DVD-5|x86.Build.0 = Debug|Any CPU
		{6F8B854B-9330-4006-ADE8-9E290BFE42AB}.Release|Any CPU.ActiveCfg = Release|Any CPU
		{6F8B854B-9330-4006-ADE8-9E290BFE42AB}.Release|Any CPU.Build.0 = Release|Any CPU
		{6F8B854B-9330-4006-ADE8-9E290BFE42AB}.Release|x86.ActiveCfg = Release|Any CPU
		{6F8B854B-9330-4006-ADE8-9E290BFE42AB}.Release|x86.Build.0 = Release|Any CPU
		{6F8B854B-9330-4006-ADE8-9E290BFE42AB}.SingleImage|Any CPU.ActiveCfg = Release|Any CPU
		{6F8B854B-9330-4006-ADE8-9E290BFE42AB}.SingleImage|Any CPU.Build.0 = Release|Any CPU
		{6F8B854B-9330-4006-ADE8-9E290BFE42AB}.SingleImage|x86.ActiveCfg = Release|Any CPU
		{6F8B854B-9330-4006-ADE8-9E290BFE42AB}.SingleImage|x86.Build.0 = Release|Any CPU
		{10166067-7544-44B6-9E11-21B48A82BC8D}.CD_ROM|Any CPU.ActiveCfg = Release|Any CPU
		{10166067-7544-44B6-9E11-21B48A82BC8D}.CD_ROM|Any CPU.Build.0 = Release|Any CPU
		{10166067-7544-44B6-9E11-21B48A82BC8D}.CD_ROM|x86.ActiveCfg = Release|Any CPU
		{10166067-7544-44B6-9E11-21B48A82BC8D}.CD_ROM|x86.Build.0 = Release|Any CPU
		{10166067-7544-44B6-9E11-21B48A82BC8D}.Debug|Any CPU.ActiveCfg = Debug|Any CPU
		{10166067-7544-44B6-9E11-21B48A82BC8D}.Debug|Any CPU.Build.0 = Debug|Any CPU
		{10166067-7544-44B6-9E11-21B48A82BC8D}.Debug|x86.ActiveCfg = Debug|Any CPU
		{10166067-7544-44B6-9E11-21B48A82BC8D}.Debug|x86.Build.0 = Debug|Any CPU
		{10166067-7544-44B6-9E11-21B48A82BC8D}.DVD-5|Any CPU.ActiveCfg = Debug|Any CPU
		{10166067-7544-44B6-9E11-21B48A82BC8D}.DVD-5|Any CPU.Build.0 = Debug|Any CPU
		{10166067-7544-44B6-9E11-21B48A82BC8D}.DVD-5|x86.ActiveCfg = Debug|Any CPU
		{10166067-7544-44B6-9E11-21B48A82BC8D}.DVD-5|x86.Build.0 = Debug|Any CPU
		{10166067-7544-44B6-9E11-21B48A82BC8D}.Release|Any CPU.ActiveCfg = Release|Any CPU
		{10166067-7544-44B6-9E11-21B48A82BC8D}.Release|Any CPU.Build.0 = Release|Any CPU
		{10166067-7544-44B6-9E11-21B48A82BC8D}.Release|x86.ActiveCfg = Release|Any CPU
		{10166067-7544-44B6-9E11-21B48A82BC8D}.Release|x86.Build.0 = Release|Any CPU
		{10166067-7544-44B6-9E11-21B48A82BC8D}.SingleImage|Any CPU.ActiveCfg = Release|Any CPU
		{10166067-7544-44B6-9E11-21B48A82BC8D}.SingleImage|Any CPU.Build.0 = Release|Any CPU
		{10166067-7544-44B6-9E11-21B48A82BC8D}.SingleImage|x86.ActiveCfg = Release|Any CPU
		{10166067-7544-44B6-9E11-21B48A82BC8D}.SingleImage|x86.Build.0 = Release|Any CPU
		{F504B555-3C0E-497E-804A-0BBB3DF0562B}.CD_ROM|Any CPU.ActiveCfg = Release|Any CPU
		{F504B555-3C0E-497E-804A-0BBB3DF0562B}.CD_ROM|Any CPU.Build.0 = Release|Any CPU
		{F504B555-3C0E-497E-804A-0BBB3DF0562B}.CD_ROM|x86.ActiveCfg = Release|Any CPU
		{F504B555-3C0E-497E-804A-0BBB3DF0562B}.CD_ROM|x86.Build.0 = Release|Any CPU
		{F504B555-3C0E-497E-804A-0BBB3DF0562B}.Debug|Any CPU.ActiveCfg = Debug|Any CPU
		{F504B555-3C0E-497E-804A-0BBB3DF0562B}.Debug|Any CPU.Build.0 = Debug|Any CPU
		{F504B555-3C0E-497E-804A-0BBB3DF0562B}.Debug|x86.ActiveCfg = Debug|Any CPU
		{F504B555-3C0E-497E-804A-0BBB3DF0562B}.Debug|x86.Build.0 = Debug|Any CPU
		{F504B555-3C0E-497E-804A-0BBB3DF0562B}.DVD-5|Any CPU.ActiveCfg = Debug|Any CPU
		{F504B555-3C0E-497E-804A-0BBB3DF0562B}.DVD-5|Any CPU.Build.0 = Debug|Any CPU
		{F504B555-3C0E-497E-804A-0BBB3DF0562B}.DVD-5|x86.ActiveCfg = Debug|Any CPU
		{F504B555-3C0E-497E-804A-0BBB3DF0562B}.DVD-5|x86.Build.0 = Debug|Any CPU
		{F504B555-3C0E-497E-804A-0BBB3DF0562B}.Release|Any CPU.ActiveCfg = Release|Any CPU
		{F504B555-3C0E-497E-804A-0BBB3DF0562B}.Release|Any CPU.Build.0 = Release|Any CPU
		{F504B555-3C0E-497E-804A-0BBB3DF0562B}.Release|x86.ActiveCfg = Release|Any CPU
		{F504B555-3C0E-497E-804A-0BBB3DF0562B}.Release|x86.Build.0 = Release|Any CPU
		{F504B555-3C0E-497E-804A-0BBB3DF0562B}.SingleImage|Any CPU.ActiveCfg = Release|Any CPU
		{F504B555-3C0E-497E-804A-0BBB3DF0562B}.SingleImage|Any CPU.Build.0 = Release|Any CPU
		{F504B555-3C0E-497E-804A-0BBB3DF0562B}.SingleImage|x86.ActiveCfg = Release|Any CPU
		{F504B555-3C0E-497E-804A-0BBB3DF0562B}.SingleImage|x86.Build.0 = Release|Any CPU
		{1BC72F77-ECF8-42E7-ABC8-346BE61361B9}.CD_ROM|Any CPU.ActiveCfg = Release|Any CPU
		{1BC72F77-ECF8-42E7-ABC8-346BE61361B9}.CD_ROM|Any CPU.Build.0 = Release|Any CPU
		{1BC72F77-ECF8-42E7-ABC8-346BE61361B9}.CD_ROM|x86.ActiveCfg = Release|Any CPU
		{1BC72F77-ECF8-42E7-ABC8-346BE61361B9}.CD_ROM|x86.Build.0 = Release|Any CPU
		{1BC72F77-ECF8-42E7-ABC8-346BE61361B9}.Debug|Any CPU.ActiveCfg = Debug|Any CPU
		{1BC72F77-ECF8-42E7-ABC8-346BE61361B9}.Debug|Any CPU.Build.0 = Debug|Any CPU
		{1BC72F77-ECF8-42E7-ABC8-346BE61361B9}.Debug|x86.ActiveCfg = Debug|Any CPU
		{1BC72F77-ECF8-42E7-ABC8-346BE61361B9}.Debug|x86.Build.0 = Debug|Any CPU
		{1BC72F77-ECF8-42E7-ABC8-346BE61361B9}.DVD-5|Any CPU.ActiveCfg = Debug|Any CPU
		{1BC72F77-ECF8-42E7-ABC8-346BE61361B9}.DVD-5|Any CPU.Build.0 = Debug|Any CPU
		{1BC72F77-ECF8-42E7-ABC8-346BE61361B9}.DVD-5|x86.ActiveCfg = Debug|Any CPU
		{1BC72F77-ECF8-42E7-ABC8-346BE61361B9}.DVD-5|x86.Build.0 = Debug|Any CPU
		{1BC72F77-ECF8-42E7-ABC8-346BE61361B9}.Release|Any CPU.ActiveCfg = Release|Any CPU
		{1BC72F77-ECF8-42E7-ABC8-346BE61361B9}.Release|Any CPU.Build.0 = Release|Any CPU
		{1BC72F77-ECF8-42E7-ABC8-346BE61361B9}.Release|x86.ActiveCfg = Release|Any CPU
		{1BC72F77-ECF8-42E7-ABC8-346BE61361B9}.Release|x86.Build.0 = Release|Any CPU
		{1BC72F77-ECF8-42E7-ABC8-346BE61361B9}.SingleImage|Any CPU.ActiveCfg = Release|Any CPU
		{1BC72F77-ECF8-42E7-ABC8-346BE61361B9}.SingleImage|Any CPU.Build.0 = Release|Any CPU
		{1BC72F77-ECF8-42E7-ABC8-346BE61361B9}.SingleImage|x86.ActiveCfg = Release|Any CPU
		{1BC72F77-ECF8-42E7-ABC8-346BE61361B9}.SingleImage|x86.Build.0 = Release|Any CPU
		{D0B931A4-966A-4754-B78B-BDCDAD3AAA49}.CD_ROM|Any CPU.ActiveCfg = Release|x86
		{D0B931A4-966A-4754-B78B-BDCDAD3AAA49}.CD_ROM|Any CPU.Build.0 = Release|x86
		{D0B931A4-966A-4754-B78B-BDCDAD3AAA49}.CD_ROM|x86.ActiveCfg = Release|x86
		{D0B931A4-966A-4754-B78B-BDCDAD3AAA49}.CD_ROM|x86.Build.0 = Release|x86
		{D0B931A4-966A-4754-B78B-BDCDAD3AAA49}.Debug|Any CPU.ActiveCfg = Debug|x86
		{D0B931A4-966A-4754-B78B-BDCDAD3AAA49}.Debug|x86.ActiveCfg = Debug|x86
		{D0B931A4-966A-4754-B78B-BDCDAD3AAA49}.Debug|x86.Build.0 = Debug|x86
		{D0B931A4-966A-4754-B78B-BDCDAD3AAA49}.DVD-5|Any CPU.ActiveCfg = Release|x86
		{D0B931A4-966A-4754-B78B-BDCDAD3AAA49}.DVD-5|Any CPU.Build.0 = Release|x86
		{D0B931A4-966A-4754-B78B-BDCDAD3AAA49}.DVD-5|x86.ActiveCfg = Debug|x86
		{D0B931A4-966A-4754-B78B-BDCDAD3AAA49}.DVD-5|x86.Build.0 = Debug|x86
		{D0B931A4-966A-4754-B78B-BDCDAD3AAA49}.Release|Any CPU.ActiveCfg = Release|x86
		{D0B931A4-966A-4754-B78B-BDCDAD3AAA49}.Release|x86.ActiveCfg = Release|x86
		{D0B931A4-966A-4754-B78B-BDCDAD3AAA49}.Release|x86.Build.0 = Release|x86
		{D0B931A4-966A-4754-B78B-BDCDAD3AAA49}.SingleImage|Any CPU.ActiveCfg = Release|x86
		{D0B931A4-966A-4754-B78B-BDCDAD3AAA49}.SingleImage|Any CPU.Build.0 = Release|x86
		{D0B931A4-966A-4754-B78B-BDCDAD3AAA49}.SingleImage|x86.ActiveCfg = Release|x86
		{D0B931A4-966A-4754-B78B-BDCDAD3AAA49}.SingleImage|x86.Build.0 = Release|x86
		{0D84F3EE-3F43-42AB-BCF6-DB33307144F2}.CD_ROM|Any CPU.ActiveCfg = Release|Any CPU
		{0D84F3EE-3F43-42AB-BCF6-DB33307144F2}.CD_ROM|Any CPU.Build.0 = Release|Any CPU
		{0D84F3EE-3F43-42AB-BCF6-DB33307144F2}.CD_ROM|x86.ActiveCfg = Release|Any CPU
		{0D84F3EE-3F43-42AB-BCF6-DB33307144F2}.CD_ROM|x86.Build.0 = Release|Any CPU
		{0D84F3EE-3F43-42AB-BCF6-DB33307144F2}.Debug|Any CPU.ActiveCfg = Debug|Any CPU
		{0D84F3EE-3F43-42AB-BCF6-DB33307144F2}.Debug|Any CPU.Build.0 = Debug|Any CPU
		{0D84F3EE-3F43-42AB-BCF6-DB33307144F2}.Debug|x86.ActiveCfg = Debug|Any CPU
		{0D84F3EE-3F43-42AB-BCF6-DB33307144F2}.Debug|x86.Build.0 = Debug|Any CPU
		{0D84F3EE-3F43-42AB-BCF6-DB33307144F2}.DVD-5|Any CPU.ActiveCfg = Debug|Any CPU
		{0D84F3EE-3F43-42AB-BCF6-DB33307144F2}.DVD-5|Any CPU.Build.0 = Debug|Any CPU
		{0D84F3EE-3F43-42AB-BCF6-DB33307144F2}.DVD-5|x86.ActiveCfg = Debug|Any CPU
		{0D84F3EE-3F43-42AB-BCF6-DB33307144F2}.DVD-5|x86.Build.0 = Debug|Any CPU
		{0D84F3EE-3F43-42AB-BCF6-DB33307144F2}.Release|Any CPU.ActiveCfg = Release|Any CPU
		{0D84F3EE-3F43-42AB-BCF6-DB33307144F2}.Release|Any CPU.Build.0 = Release|Any CPU
		{0D84F3EE-3F43-42AB-BCF6-DB33307144F2}.Release|x86.ActiveCfg = Release|Any CPU
		{0D84F3EE-3F43-42AB-BCF6-DB33307144F2}.Release|x86.Build.0 = Release|Any CPU
		{0D84F3EE-3F43-42AB-BCF6-DB33307144F2}.SingleImage|Any CPU.ActiveCfg = Release|Any CPU
		{0D84F3EE-3F43-42AB-BCF6-DB33307144F2}.SingleImage|Any CPU.Build.0 = Release|Any CPU
		{0D84F3EE-3F43-42AB-BCF6-DB33307144F2}.SingleImage|x86.ActiveCfg = Release|Any CPU
		{0D84F3EE-3F43-42AB-BCF6-DB33307144F2}.SingleImage|x86.Build.0 = Release|Any CPU
		{BF3C25BC-6F57-4710-993B-FFBA2CB1685A}.CD_ROM|Any CPU.ActiveCfg = Release|Any CPU
		{BF3C25BC-6F57-4710-993B-FFBA2CB1685A}.CD_ROM|Any CPU.Build.0 = Release|Any CPU
		{BF3C25BC-6F57-4710-993B-FFBA2CB1685A}.CD_ROM|x86.ActiveCfg = Release|Any CPU
		{BF3C25BC-6F57-4710-993B-FFBA2CB1685A}.CD_ROM|x86.Build.0 = Release|Any CPU
		{BF3C25BC-6F57-4710-993B-FFBA2CB1685A}.Debug|Any CPU.ActiveCfg = Debug|Any CPU
		{BF3C25BC-6F57-4710-993B-FFBA2CB1685A}.Debug|Any CPU.Build.0 = Debug|Any CPU
		{BF3C25BC-6F57-4710-993B-FFBA2CB1685A}.Debug|x86.ActiveCfg = Debug|Any CPU
		{BF3C25BC-6F57-4710-993B-FFBA2CB1685A}.Debug|x86.Build.0 = Debug|Any CPU
		{BF3C25BC-6F57-4710-993B-FFBA2CB1685A}.DVD-5|Any CPU.ActiveCfg = Debug|Any CPU
		{BF3C25BC-6F57-4710-993B-FFBA2CB1685A}.DVD-5|Any CPU.Build.0 = Debug|Any CPU
		{BF3C25BC-6F57-4710-993B-FFBA2CB1685A}.DVD-5|x86.ActiveCfg = Debug|Any CPU
		{BF3C25BC-6F57-4710-993B-FFBA2CB1685A}.DVD-5|x86.Build.0 = Debug|Any CPU
		{BF3C25BC-6F57-4710-993B-FFBA2CB1685A}.Release|Any CPU.ActiveCfg = Release|Any CPU
		{BF3C25BC-6F57-4710-993B-FFBA2CB1685A}.Release|Any CPU.Build.0 = Release|Any CPU
		{BF3C25BC-6F57-4710-993B-FFBA2CB1685A}.Release|x86.ActiveCfg = Release|Any CPU
		{BF3C25BC-6F57-4710-993B-FFBA2CB1685A}.Release|x86.Build.0 = Release|Any CPU
		{BF3C25BC-6F57-4710-993B-FFBA2CB1685A}.SingleImage|Any CPU.ActiveCfg = Release|Any CPU
		{BF3C25BC-6F57-4710-993B-FFBA2CB1685A}.SingleImage|Any CPU.Build.0 = Release|Any CPU
		{BF3C25BC-6F57-4710-993B-FFBA2CB1685A}.SingleImage|x86.ActiveCfg = Release|Any CPU
		{BF3C25BC-6F57-4710-993B-FFBA2CB1685A}.SingleImage|x86.Build.0 = Release|Any CPU
		{3ED65929-7F1E-4076-85AF-BD28B02FE56B}.CD_ROM|Any CPU.ActiveCfg = Release|Any CPU
		{3ED65929-7F1E-4076-85AF-BD28B02FE56B}.CD_ROM|Any CPU.Build.0 = Release|Any CPU
		{3ED65929-7F1E-4076-85AF-BD28B02FE56B}.CD_ROM|x86.ActiveCfg = Release|Any CPU
		{3ED65929-7F1E-4076-85AF-BD28B02FE56B}.CD_ROM|x86.Build.0 = Release|Any CPU
		{3ED65929-7F1E-4076-85AF-BD28B02FE56B}.Debug|Any CPU.ActiveCfg = Debug|Any CPU
		{3ED65929-7F1E-4076-85AF-BD28B02FE56B}.Debug|Any CPU.Build.0 = Debug|Any CPU
		{3ED65929-7F1E-4076-85AF-BD28B02FE56B}.Debug|x86.ActiveCfg = Debug|Any CPU
		{3ED65929-7F1E-4076-85AF-BD28B02FE56B}.Debug|x86.Build.0 = Debug|Any CPU
		{3ED65929-7F1E-4076-85AF-BD28B02FE56B}.DVD-5|Any CPU.ActiveCfg = Debug|Any CPU
		{3ED65929-7F1E-4076-85AF-BD28B02FE56B}.DVD-5|Any CPU.Build.0 = Debug|Any CPU
		{3ED65929-7F1E-4076-85AF-BD28B02FE56B}.DVD-5|x86.ActiveCfg = Debug|Any CPU
		{3ED65929-7F1E-4076-85AF-BD28B02FE56B}.DVD-5|x86.Build.0 = Debug|Any CPU
		{3ED65929-7F1E-4076-85AF-BD28B02FE56B}.Release|Any CPU.ActiveCfg = Release|Any CPU
		{3ED65929-7F1E-4076-85AF-BD28B02FE56B}.Release|Any CPU.Build.0 = Release|Any CPU
		{3ED65929-7F1E-4076-85AF-BD28B02FE56B}.Release|x86.ActiveCfg = Release|Any CPU
		{3ED65929-7F1E-4076-85AF-BD28B02FE56B}.Release|x86.Build.0 = Release|Any CPU
		{3ED65929-7F1E-4076-85AF-BD28B02FE56B}.SingleImage|Any CPU.ActiveCfg = Release|Any CPU
		{3ED65929-7F1E-4076-85AF-BD28B02FE56B}.SingleImage|Any CPU.Build.0 = Release|Any CPU
		{3ED65929-7F1E-4076-85AF-BD28B02FE56B}.SingleImage|x86.ActiveCfg = Release|Any CPU
		{3ED65929-7F1E-4076-85AF-BD28B02FE56B}.SingleImage|x86.Build.0 = Release|Any CPU
		{E263E97C-BE6C-4A75-9F29-069F6D81669C}.CD_ROM|Any CPU.ActiveCfg = Release
		{E263E97C-BE6C-4A75-9F29-069F6D81669C}.CD_ROM|x86.ActiveCfg = Release
		{E263E97C-BE6C-4A75-9F29-069F6D81669C}.Debug|Any CPU.ActiveCfg = Debug
		{E263E97C-BE6C-4A75-9F29-069F6D81669C}.Debug|Any CPU.Build.0 = Debug
		{E263E97C-BE6C-4A75-9F29-069F6D81669C}.Debug|x86.ActiveCfg = Debug
		{E263E97C-BE6C-4A75-9F29-069F6D81669C}.Debug|x86.Build.0 = Debug
		{E263E97C-BE6C-4A75-9F29-069F6D81669C}.DVD-5|Any CPU.ActiveCfg = Debug
		{E263E97C-BE6C-4A75-9F29-069F6D81669C}.DVD-5|x86.ActiveCfg = Debug
		{E263E97C-BE6C-4A75-9F29-069F6D81669C}.Release|Any CPU.ActiveCfg = Release
		{E263E97C-BE6C-4A75-9F29-069F6D81669C}.Release|Any CPU.Build.0 = Release
		{E263E97C-BE6C-4A75-9F29-069F6D81669C}.Release|x86.ActiveCfg = Release
		{E263E97C-BE6C-4A75-9F29-069F6D81669C}.Release|x86.Build.0 = Release
		{E263E97C-BE6C-4A75-9F29-069F6D81669C}.SingleImage|Any CPU.ActiveCfg = Release
		{E263E97C-BE6C-4A75-9F29-069F6D81669C}.SingleImage|x86.ActiveCfg = Release
		{2DFA169B-C3EB-4E80-BD5C-60624ADDDFC5}.CD_ROM|Any CPU.ActiveCfg = Release|Any CPU
		{2DFA169B-C3EB-4E80-BD5C-60624ADDDFC5}.CD_ROM|Any CPU.Build.0 = Release|Any CPU
		{2DFA169B-C3EB-4E80-BD5C-60624ADDDFC5}.CD_ROM|x86.ActiveCfg = Release|Any CPU
		{2DFA169B-C3EB-4E80-BD5C-60624ADDDFC5}.CD_ROM|x86.Build.0 = Release|Any CPU
		{2DFA169B-C3EB-4E80-BD5C-60624ADDDFC5}.Debug|Any CPU.ActiveCfg = Debug|Any CPU
		{2DFA169B-C3EB-4E80-BD5C-60624ADDDFC5}.Debug|Any CPU.Build.0 = Debug|Any CPU
		{2DFA169B-C3EB-4E80-BD5C-60624ADDDFC5}.Debug|x86.ActiveCfg = Debug|Any CPU
		{2DFA169B-C3EB-4E80-BD5C-60624ADDDFC5}.Debug|x86.Build.0 = Debug|Any CPU
		{2DFA169B-C3EB-4E80-BD5C-60624ADDDFC5}.DVD-5|Any CPU.ActiveCfg = Debug|Any CPU
		{2DFA169B-C3EB-4E80-BD5C-60624ADDDFC5}.DVD-5|Any CPU.Build.0 = Debug|Any CPU
		{2DFA169B-C3EB-4E80-BD5C-60624ADDDFC5}.DVD-5|x86.ActiveCfg = Debug|Any CPU
		{2DFA169B-C3EB-4E80-BD5C-60624ADDDFC5}.DVD-5|x86.Build.0 = Debug|Any CPU
		{2DFA169B-C3EB-4E80-BD5C-60624ADDDFC5}.Release|Any CPU.ActiveCfg = Release|Any CPU
		{2DFA169B-C3EB-4E80-BD5C-60624ADDDFC5}.Release|Any CPU.Build.0 = Release|Any CPU
		{2DFA169B-C3EB-4E80-BD5C-60624ADDDFC5}.Release|x86.ActiveCfg = Release|Any CPU
		{2DFA169B-C3EB-4E80-BD5C-60624ADDDFC5}.Release|x86.Build.0 = Release|Any CPU
		{2DFA169B-C3EB-4E80-BD5C-60624ADDDFC5}.SingleImage|Any CPU.ActiveCfg = Release|Any CPU
		{2DFA169B-C3EB-4E80-BD5C-60624ADDDFC5}.SingleImage|Any CPU.Build.0 = Release|Any CPU
		{2DFA169B-C3EB-4E80-BD5C-60624ADDDFC5}.SingleImage|x86.ActiveCfg = Release|Any CPU
		{2DFA169B-C3EB-4E80-BD5C-60624ADDDFC5}.SingleImage|x86.Build.0 = Release|Any CPU
		{53ECD21E-8F26-4740-8937-DD88CAA7C231}.CD_ROM|Any CPU.ActiveCfg = CD_ROM
		{53ECD21E-8F26-4740-8937-DD88CAA7C231}.CD_ROM|Any CPU.Build.0 = CD_ROM
		{53ECD21E-8F26-4740-8937-DD88CAA7C231}.CD_ROM|x86.ActiveCfg = CD_ROM
		{53ECD21E-8F26-4740-8937-DD88CAA7C231}.CD_ROM|x86.Build.0 = CD_ROM
		{53ECD21E-8F26-4740-8937-DD88CAA7C231}.Debug|Any CPU.ActiveCfg = DVD-5
		{53ECD21E-8F26-4740-8937-DD88CAA7C231}.Debug|Any CPU.Build.0 = DVD-5
		{53ECD21E-8F26-4740-8937-DD88CAA7C231}.Debug|x86.ActiveCfg = DVD-5
		{53ECD21E-8F26-4740-8937-DD88CAA7C231}.Debug|x86.Build.0 = DVD-5
		{53ECD21E-8F26-4740-8937-DD88CAA7C231}.DVD-5|Any CPU.ActiveCfg = DVD-5
		{53ECD21E-8F26-4740-8937-DD88CAA7C231}.DVD-5|Any CPU.Build.0 = DVD-5
		{53ECD21E-8F26-4740-8937-DD88CAA7C231}.DVD-5|x86.ActiveCfg = DVD-5
		{53ECD21E-8F26-4740-8937-DD88CAA7C231}.DVD-5|x86.Build.0 = DVD-5
		{53ECD21E-8F26-4740-8937-DD88CAA7C231}.Release|Any CPU.ActiveCfg = SingleImage
		{53ECD21E-8F26-4740-8937-DD88CAA7C231}.Release|Any CPU.Build.0 = SingleImage
		{53ECD21E-8F26-4740-8937-DD88CAA7C231}.Release|x86.ActiveCfg = SingleImage
		{53ECD21E-8F26-4740-8937-DD88CAA7C231}.Release|x86.Build.0 = SingleImage
		{53ECD21E-8F26-4740-8937-DD88CAA7C231}.SingleImage|Any CPU.ActiveCfg = SingleImage
		{53ECD21E-8F26-4740-8937-DD88CAA7C231}.SingleImage|Any CPU.Build.0 = SingleImage
		{53ECD21E-8F26-4740-8937-DD88CAA7C231}.SingleImage|x86.ActiveCfg = SingleImage
		{53ECD21E-8F26-4740-8937-DD88CAA7C231}.SingleImage|x86.Build.0 = SingleImage
		{E2EF3E67-C61E-4A5B-8EBD-EEC8B0906616}.CD_ROM|Any CPU.ActiveCfg = Release|Any CPU
		{E2EF3E67-C61E-4A5B-8EBD-EEC8B0906616}.CD_ROM|Any CPU.Build.0 = Release|Any CPU
		{E2EF3E67-C61E-4A5B-8EBD-EEC8B0906616}.CD_ROM|x86.ActiveCfg = Release|Any CPU
		{E2EF3E67-C61E-4A5B-8EBD-EEC8B0906616}.CD_ROM|x86.Build.0 = Release|Any CPU
		{E2EF3E67-C61E-4A5B-8EBD-EEC8B0906616}.Debug|Any CPU.ActiveCfg = Debug|Any CPU
		{E2EF3E67-C61E-4A5B-8EBD-EEC8B0906616}.Debug|Any CPU.Build.0 = Debug|Any CPU
		{E2EF3E67-C61E-4A5B-8EBD-EEC8B0906616}.Debug|x86.ActiveCfg = Debug|Any CPU
		{E2EF3E67-C61E-4A5B-8EBD-EEC8B0906616}.Debug|x86.Build.0 = Debug|Any CPU
		{E2EF3E67-C61E-4A5B-8EBD-EEC8B0906616}.DVD-5|Any CPU.ActiveCfg = Debug|Any CPU
		{E2EF3E67-C61E-4A5B-8EBD-EEC8B0906616}.DVD-5|Any CPU.Build.0 = Debug|Any CPU
		{E2EF3E67-C61E-4A5B-8EBD-EEC8B0906616}.DVD-5|x86.ActiveCfg = Debug|Any CPU
		{E2EF3E67-C61E-4A5B-8EBD-EEC8B0906616}.DVD-5|x86.Build.0 = Debug|Any CPU
		{E2EF3E67-C61E-4A5B-8EBD-EEC8B0906616}.Release|Any CPU.ActiveCfg = Release|Any CPU
		{E2EF3E67-C61E-4A5B-8EBD-EEC8B0906616}.Release|Any CPU.Build.0 = Release|Any CPU
		{E2EF3E67-C61E-4A5B-8EBD-EEC8B0906616}.Release|x86.ActiveCfg = Release|Any CPU
		{E2EF3E67-C61E-4A5B-8EBD-EEC8B0906616}.Release|x86.Build.0 = Release|Any CPU
		{E2EF3E67-C61E-4A5B-8EBD-EEC8B0906616}.SingleImage|Any CPU.ActiveCfg = Release|Any CPU
		{E2EF3E67-C61E-4A5B-8EBD-EEC8B0906616}.SingleImage|Any CPU.Build.0 = Release|Any CPU
		{E2EF3E67-C61E-4A5B-8EBD-EEC8B0906616}.SingleImage|x86.ActiveCfg = Release|Any CPU
		{E2EF3E67-C61E-4A5B-8EBD-EEC8B0906616}.SingleImage|x86.Build.0 = Release|Any CPU
	EndGlobalSection
	GlobalSection(SolutionProperties) = preSolution
		HideSolutionNode = FALSE
	EndGlobalSection
EndGlobal
